# THIS IS AN AUTOGENERATED FILE. DO NOT EDIT THIS FILE DIRECTLY.
# yarn lockfile v1


expo-application@^4.2.2:
  version "4.2.2"
  resolved "https://registry.yarnpkg.com/expo-application/-/expo-application-4.2.2.tgz#c9500819723c59eaee5ca9832bf17d1fd4139f74"
  integrity sha512-bFEaFRUdV6aK2iBd+HzkHNPYsyj88EAhaQW5leznmO0qQMJxpAQ3eoUXMey1hfDBh1qgkkHgSyCZ9BIgMAGJ1g==
