# THIS IS AN AUTOGENERATED FILE. DO NOT EDIT THIS FILE DIRECTLY.
# yarn lockfile v1


expo-application@^4.2.2:
  version "4.2.2"
  resolved "https://registry.npmjs.org/expo-application/-/expo-application-4.2.2.tgz"
  integrity sha512-bFEaFRUdV6aK2iBd+HzkHNPYsyj88EAhaQW5leznmO0qQMJxpAQ3eoUXMey1hfDBh1qgkkHgSyCZ9BIgMAGJ1g==
